// !$*UTF8*$!
{
	archiveVersion = 1;
	classes = {
	};
	objectVersion = 42;
	objects = {

/* Begin PBXBuildFile section */
		77359A4A10FB5D5E00AAA319 /* BBCiPlayerEntity.m in Sources */ = {isa = PBXBuildFile; fileRef = 77359A4910FB5D5E00AAA319 /* BBCiPlayerEntity.m */; };
		77359A5610FB623300AAA319 /* BBCiPlayerEpisode.m in Sources */ = {isa = PBXBuildFile; fileRef = 77359A5510FB623300AAA319 /* BBCiPlayerEpisode.m */; };
		7759844E10F671D400EC80D1 /* MainMenuPreview.png in Resources */ = {isa = PBXBuildFile; fileRef = 7759844D10F671D400EC80D1 /* MainMenuPreview.png */; };
		7759848410F6B01B00EC80D1 /* BBCiPlayerServiceTypeController.m in Sources */ = {isa = PBXBuildFile; fileRef = 7759848310F6B01B00EC80D1 /* BBCiPlayerServiceTypeController.m */; };
		775984C710F6BB4400EC80D1 /* RefData.m in Sources */ = {isa = PBXBuildFile; fileRef = 775984C610F6BB4400EC80D1 /* RefData.m */; };
		7759876B10F7E91200EC80D1 /* ServicePreviews in Resources */ = {isa = PBXBuildFile; fileRef = 7759872810F7E91200EC80D1 /* ServicePreviews */; };
		775987D410F7F92E00EC80D1 /* BBCiPlayerMediaAsset.m in Sources */ = {isa = PBXBuildFile; fileRef = 775987D310F7F92E00EC80D1 /* BBCiPlayerMediaAsset.m */; };
		7759880F10FA40A800EC80D1 /* BBCiPlayerHighlightsController.m in Sources */ = {isa = PBXBuildFile; fileRef = 7759880E10FA40A800EC80D1 /* BBCiPlayerHighlightsController.m */; };
		77598BF510FBCAC600EC80D1 /* BBCiPlayerMenuController.m in Sources */ = {isa = PBXBuildFile; fileRef = 77598BF410FBCAC600EC80D1 /* BBCiPlayerMenuController.m */; };
		77598C1310FBCE2300EC80D1 /* NSDictionary+BSJSONAdditions.m in Sources */ = {isa = PBXBuildFile; fileRef = 77598C1010FBCE2200EC80D1 /* NSDictionary+BSJSONAdditions.m */; };
		77598C1410FBCE2300EC80D1 /* NSScanner+BSJSONAdditions.m in Sources */ = {isa = PBXBuildFile; fileRef = 77598C1210FBCE2300EC80D1 /* NSScanner+BSJSONAdditions.m */; };
		77598C3510FBCF3800EC80D1 /* BBCiPlayerMetadataPreviewControl.m in Sources */ = {isa = PBXBuildFile; fileRef = 77598C3410FBCF3800EC80D1 /* BBCiPlayerMetadataPreviewControl.m */; };
		77598D4E10FC7BEC00EC80D1 /* BBCiPlayerIonRequest.m in Sources */ = {isa = PBXBuildFile; fileRef = 77598D4D10FC7BEB00EC80D1 /* BBCiPlayerIonRequest.m */; };
		77598E5A10FDF28500EC80D1 /* BBCiPlayerMostPopularController.m in Sources */ = {isa = PBXBuildFile; fileRef = 77598E5910FDF28500EC80D1 /* BBCiPlayerMostPopularController.m */; };
		77598E8910FE0D3A00EC80D1 /* BBCiPlayerService.m in Sources */ = {isa = PBXBuildFile; fileRef = 77598E8810FE0D3A00EC80D1 /* BBCiPlayerService.m */; };
		8D5B49B0048680CD000E48DA /* InfoPlist.strings in Resources */ = {isa = PBXBuildFile; fileRef = 089C167DFE841241C02AAC07 /* InfoPlist.strings */; };
		E3D772A610321DDA00D0AEAD /* BackRow.framework in Frameworks */ = {isa = PBXBuildFile; fileRef = E3D772A510321DDA00D0AEAD /* BackRow.framework */; };
		E3F00CAC1030C4F60062016C /* Cocoa.framework in Frameworks */ = {isa = PBXBuildFile; fileRef = E3F00CAB1030C4F60062016C /* Cocoa.framework */; };
		E3F00CB01030C5190062016C /* Foundation.framework in Frameworks */ = {isa = PBXBuildFile; fileRef = E3F00CAF1030C5190062016C /* Foundation.framework */; };
		E3F00CBD1030C7990062016C /* BBCiPlayerAppliance.m in Sources */ = {isa = PBXBuildFile; fileRef = E3F00CBC1030C7990062016C /* BBCiPlayerAppliance.m */; };
		E3F00CC51030C9660062016C /* Localizable.strings in Resources */ = {isa = PBXBuildFile; fileRef = E3F00CC41030C9660062016C /* Localizable.strings */; };
/* End PBXBuildFile section */

/* Begin PBXFileReference section */
		089C167EFE841241C02AAC07 /* English */ = {isa = PBXFileReference; fileEncoding = 10; lastKnownFileType = text.plist.strings; name = English; path = English.lproj/InfoPlist.strings; sourceTree = "<group>"; };
		32DBCF630370AF2F00C91783 /* BBCiPlayer_Prefix.pch */ = {isa = PBXFileReference; fileEncoding = 4; lastKnownFileType = sourcecode.c.h; path = BBCiPlayer_Prefix.pch; sourceTree = "<group>"; };
		77359A4810FB5D5E00AAA319 /* BBCiPlayerEntity.h */ = {isa = PBXFileReference; fileEncoding = 4; lastKnownFileType = sourcecode.c.h; path = BBCiPlayerEntity.h; sourceTree = "<group>"; };
		77359A4910FB5D5E00AAA319 /* BBCiPlayerEntity.m */ = {isa = PBXFileReference; fileEncoding = 4; lastKnownFileType = sourcecode.c.objc; path = BBCiPlayerEntity.m; sourceTree = "<group>"; };
		77359A5410FB623300AAA319 /* BBCiPlayerEpisode.h */ = {isa = PBXFileReference; fileEncoding = 4; lastKnownFileType = sourcecode.c.h; path = BBCiPlayerEpisode.h; sourceTree = "<group>"; };
		77359A5510FB623300AAA319 /* BBCiPlayerEpisode.m */ = {isa = PBXFileReference; fileEncoding = 4; lastKnownFileType = sourcecode.c.objc; path = BBCiPlayerEpisode.m; sourceTree = "<group>"; };
		7759844D10F671D400EC80D1 /* MainMenuPreview.png */ = {isa = PBXFileReference; lastKnownFileType = image.png; path = MainMenuPreview.png; sourceTree = "<group>"; };
		7759848210F6B01B00EC80D1 /* BBCiPlayerServiceTypeController.h */ = {isa = PBXFileReference; fileEncoding = 4; lastKnownFileType = sourcecode.c.h; path = BBCiPlayerServiceTypeController.h; sourceTree = "<group>"; };
		7759848310F6B01B00EC80D1 /* BBCiPlayerServiceTypeController.m */ = {isa = PBXFileReference; fileEncoding = 4; lastKnownFileType = sourcecode.c.objc; path = BBCiPlayerServiceTypeController.m; sourceTree = "<group>"; };
		775984C510F6BB4400EC80D1 /* RefData.h */ = {isa = PBXFileReference; fileEncoding = 4; lastKnownFileType = sourcecode.c.h; path = RefData.h; sourceTree = "<group>"; };
		775984C610F6BB4400EC80D1 /* RefData.m */ = {isa = PBXFileReference; fileEncoding = 4; lastKnownFileType = sourcecode.c.objc; path = RefData.m; sourceTree = "<group>"; };
		7759872810F7E91200EC80D1 /* ServicePreviews */ = {isa = PBXFileReference; lastKnownFileType = folder; path = ServicePreviews; sourceTree = "<group>"; };
		775987D210F7F92E00EC80D1 /* BBCiPlayerMediaAsset.h */ = {isa = PBXFileReference; fileEncoding = 4; lastKnownFileType = sourcecode.c.h; path = BBCiPlayerMediaAsset.h; sourceTree = "<group>"; };
		775987D310F7F92E00EC80D1 /* BBCiPlayerMediaAsset.m */ = {isa = PBXFileReference; fileEncoding = 4; lastKnownFileType = sourcecode.c.objc; path = BBCiPlayerMediaAsset.m; sourceTree = "<group>"; };
		7759880D10FA40A800EC80D1 /* BBCiPlayerHighlightsController.h */ = {isa = PBXFileReference; fileEncoding = 4; lastKnownFileType = sourcecode.c.h; path = BBCiPlayerHighlightsController.h; sourceTree = "<group>"; };
		7759880E10FA40A800EC80D1 /* BBCiPlayerHighlightsController.m */ = {isa = PBXFileReference; fileEncoding = 4; lastKnownFileType = sourcecode.c.objc; path = BBCiPlayerHighlightsController.m; sourceTree = "<group>"; };
		77598BF310FBCAC600EC80D1 /* BBCiPlayerMenuController.h */ = {isa = PBXFileReference; fileEncoding = 4; lastKnownFileType = sourcecode.c.h; path = BBCiPlayerMenuController.h; sourceTree = "<group>"; };
		77598BF410FBCAC600EC80D1 /* BBCiPlayerMenuController.m */ = {isa = PBXFileReference; fileEncoding = 4; lastKnownFileType = sourcecode.c.objc; path = BBCiPlayerMenuController.m; sourceTree = "<group>"; };
		77598C0F10FBCE2200EC80D1 /* NSDictionary+BSJSONAdditions.h */ = {isa = PBXFileReference; fileEncoding = 4; lastKnownFileType = sourcecode.c.h; path = "NSDictionary+BSJSONAdditions.h"; sourceTree = "<group>"; };
		77598C1010FBCE2200EC80D1 /* NSDictionary+BSJSONAdditions.m */ = {isa = PBXFileReference; fileEncoding = 4; lastKnownFileType = sourcecode.c.objc; path = "NSDictionary+BSJSONAdditions.m"; sourceTree = "<group>"; };
		77598C1110FBCE2300EC80D1 /* NSScanner+BSJSONAdditions.h */ = {isa = PBXFileReference; fileEncoding = 4; lastKnownFileType = sourcecode.c.h; path = "NSScanner+BSJSONAdditions.h"; sourceTree = "<group>"; };
		77598C1210FBCE2300EC80D1 /* NSScanner+BSJSONAdditions.m */ = {isa = PBXFileReference; fileEncoding = 4; lastKnownFileType = sourcecode.c.objc; path = "NSScanner+BSJSONAdditions.m"; sourceTree = "<group>"; };
		77598C3310FBCF3800EC80D1 /* BBCiPlayerMetadataPreviewControl.h */ = {isa = PBXFileReference; fileEncoding = 4; lastKnownFileType = sourcecode.c.h; path = BBCiPlayerMetadataPreviewControl.h; sourceTree = "<group>"; };
		77598C3410FBCF3800EC80D1 /* BBCiPlayerMetadataPreviewControl.m */ = {isa = PBXFileReference; fileEncoding = 4; lastKnownFileType = sourcecode.c.objc; path = BBCiPlayerMetadataPreviewControl.m; sourceTree = "<group>"; };
		77598D4C10FC7BEB00EC80D1 /* BBCiPlayerIonRequest.h */ = {isa = PBXFileReference; fileEncoding = 4; lastKnownFileType = sourcecode.c.h; path = BBCiPlayerIonRequest.h; sourceTree = "<group>"; };
		77598D4D10FC7BEB00EC80D1 /* BBCiPlayerIonRequest.m */ = {isa = PBXFileReference; fileEncoding = 4; lastKnownFileType = sourcecode.c.objc; path = BBCiPlayerIonRequest.m; sourceTree = "<group>"; };
		77598E5810FDF28500EC80D1 /* BBCiPlayerMostPopularController.h */ = {isa = PBXFileReference; fileEncoding = 4; lastKnownFileType = sourcecode.c.h; path = BBCiPlayerMostPopularController.h; sourceTree = "<group>"; };
		77598E5910FDF28500EC80D1 /* BBCiPlayerMostPopularController.m */ = {isa = PBXFileReference; fileEncoding = 4; lastKnownFileType = sourcecode.c.objc; path = BBCiPlayerMostPopularController.m; sourceTree = "<group>"; };
		77598E8710FE0D3A00EC80D1 /* BBCiPlayerService.h */ = {isa = PBXFileReference; fileEncoding = 4; lastKnownFileType = sourcecode.c.h; path = BBCiPlayerService.h; sourceTree = "<group>"; };
		77598E8810FE0D3A00EC80D1 /* BBCiPlayerService.m */ = {isa = PBXFileReference; fileEncoding = 4; lastKnownFileType = sourcecode.c.objc; path = BBCiPlayerService.m; sourceTree = "<group>"; };
		8D5B49B6048680CD000E48DA /* BBCiPlayer.frappliance */ = {isa = PBXFileReference; explicitFileType = wrapper.cfbundle; includeInIndex = 0; path = BBCiPlayer.frappliance; sourceTree = BUILT_PRODUCTS_DIR; };
		8D5B49B7048680CD000E48DA /* Info.plist */ = {isa = PBXFileReference; fileEncoding = 4; lastKnownFileType = text.plist.xml; path = Info.plist; sourceTree = "<group>"; };
		E3D772A510321DDA00D0AEAD /* BackRow.framework */ = {isa = PBXFileReference; lastKnownFileType = wrapper.framework; name = BackRow.framework; path = System/Library/PrivateFrameworks/BackRow.framework; sourceTree = SDKROOT; };
		E3F00CAB1030C4F60062016C /* Cocoa.framework */ = {isa = PBXFileReference; lastKnownFileType = wrapper.framework; name = Cocoa.framework; path = System/Library/Frameworks/Cocoa.framework; sourceTree = SDKROOT; };
		E3F00CAF1030C5190062016C /* Foundation.framework */ = {isa = PBXFileReference; lastKnownFileType = wrapper.framework; name = Foundation.framework; path = System/Library/Frameworks/Foundation.framework; sourceTree = SDKROOT; };
		E3F00CBB1030C7990062016C /* BBCiPlayerAppliance.h */ = {isa = PBXFileReference; fileEncoding = 4; lastKnownFileType = sourcecode.c.h; path = BBCiPlayerAppliance.h; sourceTree = "<group>"; };
		E3F00CBC1030C7990062016C /* BBCiPlayerAppliance.m */ = {isa = PBXFileReference; fileEncoding = 4; lastKnownFileType = sourcecode.c.objc; path = BBCiPlayerAppliance.m; sourceTree = "<group>"; };
		E3F00CC21030C9290062016C /* English */ = {isa = PBXFileReference; fileEncoding = 4; lastKnownFileType = text.plist.strings; name = English; path = English.lproj/Localizable.strings; sourceTree = "<group>"; };
/* End PBXFileReference section */

/* Begin PBXFrameworksBuildPhase section */
		8D5B49B3048680CD000E48DA /* Frameworks */ = {
			isa = PBXFrameworksBuildPhase;
			buildActionMask = 2147483647;
			files = (
				E3F00CAC1030C4F60062016C /* Cocoa.framework in Frameworks */,
				E3F00CB01030C5190062016C /* Foundation.framework in Frameworks */,
				E3D772A610321DDA00D0AEAD /* BackRow.framework in Frameworks */,
			);
			runOnlyForDeploymentPostprocessing = 0;
		};
/* End PBXFrameworksBuildPhase section */

/* Begin PBXGroup section */
		089C166AFE841209C02AAC07 /* BBCiPlayer */ = {
			isa = PBXGroup;
			children = (
				08FB77AFFE84173DC02AAC07 /* Classes */,
				32C88E010371C26100C91783 /* Other Sources */,
				089C167CFE841241C02AAC07 /* Resources */,
				089C1671FE841209C02AAC07 /* Frameworks and Libraries */,
				19C28FB8FE9D52D311CA2CBB /* Products */,
			);
			name = BBCiPlayer;
			sourceTree = "<group>";
		};
		089C1671FE841209C02AAC07 /* Frameworks and Libraries */ = {
			isa = PBXGroup;
			children = (
				1058C7ACFEA557BF11CA2CBB /* Linked Frameworks */,
				1058C7AEFEA557BF11CA2CBB /* Other Frameworks */,
			);
			name = "Frameworks and Libraries";
			sourceTree = "<group>";
		};
		089C167CFE841241C02AAC07 /* Resources */ = {
			isa = PBXGroup;
			children = (
				7759872810F7E91200EC80D1 /* ServicePreviews */,
				7759844D10F671D400EC80D1 /* MainMenuPreview.png */,
				8D5B49B7048680CD000E48DA /* Info.plist */,
				089C167DFE841241C02AAC07 /* InfoPlist.strings */,
				E3F00CC41030C9660062016C /* Localizable.strings */,
			);
			name = Resources;
			sourceTree = "<group>";
		};
		08FB77AFFE84173DC02AAC07 /* Classes */ = {
			isa = PBXGroup;
			children = (
				77598C1510FBCE3900EC80D1 /* JSON */,
				775987FB10F8017300EC80D1 /* Appliance Classes */,
				775987FA10F8015800EC80D1 /* Media */,
				77359A4710FB5D3F00AAA319 /* Metadata */,
				775987F910F8012100EC80D1 /* Menu Controllers */,
			);
			name = Classes;
			sourceTree = "<group>";
		};
		1058C7ACFEA557BF11CA2CBB /* Linked Frameworks */ = {
			isa = PBXGroup;
			children = (
				E3D772A510321DDA00D0AEAD /* BackRow.framework */,
				E3F00CAF1030C5190062016C /* Foundation.framework */,
				E3F00CAB1030C4F60062016C /* Cocoa.framework */,
			);
			name = "Linked Frameworks";
			sourceTree = "<group>";
		};
		1058C7AEFEA557BF11CA2CBB /* Other Frameworks */ = {
			isa = PBXGroup;
			children = (
			);
			name = "Other Frameworks";
			sourceTree = "<group>";
		};
		19C28FB8FE9D52D311CA2CBB /* Products */ = {
			isa = PBXGroup;
			children = (
				8D5B49B6048680CD000E48DA /* BBCiPlayer.frappliance */,
			);
			name = Products;
			sourceTree = "<group>";
		};
		32C88E010371C26100C91783 /* Other Sources */ = {
			isa = PBXGroup;
			children = (
				32DBCF630370AF2F00C91783 /* BBCiPlayer_Prefix.pch */,
			);
			name = "Other Sources";
			sourceTree = "<group>";
		};
		77359A4710FB5D3F00AAA319 /* Metadata */ = {
			isa = PBXGroup;
			children = (
				77359A4810FB5D5E00AAA319 /* BBCiPlayerEntity.h */,
				77359A4910FB5D5E00AAA319 /* BBCiPlayerEntity.m */,
				77359A5410FB623300AAA319 /* BBCiPlayerEpisode.h */,
				77359A5510FB623300AAA319 /* BBCiPlayerEpisode.m */,
				77598E8710FE0D3A00EC80D1 /* BBCiPlayerService.h */,
				77598E8810FE0D3A00EC80D1 /* BBCiPlayerService.m */,
			);
			name = Metadata;
			sourceTree = "<group>";
		};
		775987F910F8012100EC80D1 /* Menu Controllers */ = {
			isa = PBXGroup;
			children = (
				77598BF310FBCAC600EC80D1 /* BBCiPlayerMenuController.h */,
				77598BF410FBCAC600EC80D1 /* BBCiPlayerMenuController.m */,
				7759848210F6B01B00EC80D1 /* BBCiPlayerServiceTypeController.h */,
				7759848310F6B01B00EC80D1 /* BBCiPlayerServiceTypeController.m */,
				7759880D10FA40A800EC80D1 /* BBCiPlayerHighlightsController.h */,
				7759880E10FA40A800EC80D1 /* BBCiPlayerHighlightsController.m */,
				77598E5810FDF28500EC80D1 /* BBCiPlayerMostPopularController.h */,
				77598E5910FDF28500EC80D1 /* BBCiPlayerMostPopularController.m */,
			);
			name = "Menu Controllers";
			sourceTree = "<group>";
		};
		775987FA10F8015800EC80D1 /* Media */ = {
			isa = PBXGroup;
			children = (
				77598C3310FBCF3800EC80D1 /* BBCiPlayerMetadataPreviewControl.h */,
				77598C3410FBCF3800EC80D1 /* BBCiPlayerMetadataPreviewControl.m */,
				775987D210F7F92E00EC80D1 /* BBCiPlayerMediaAsset.h */,
				775987D310F7F92E00EC80D1 /* BBCiPlayerMediaAsset.m */,
			);
			name = Media;
			sourceTree = "<group>";
		};
		775987FB10F8017300EC80D1 /* Appliance Classes */ = {
			isa = PBXGroup;
			children = (
				E3F00CBB1030C7990062016C /* BBCiPlayerAppliance.h */,
				E3F00CBC1030C7990062016C /* BBCiPlayerAppliance.m */,
				77598D4C10FC7BEB00EC80D1 /* BBCiPlayerIonRequest.h */,
				77598D4D10FC7BEB00EC80D1 /* BBCiPlayerIonRequest.m */,
				775984C510F6BB4400EC80D1 /* RefData.h */,
				775984C610F6BB4400EC80D1 /* RefData.m */,
			);
			name = "Appliance Classes";
			sourceTree = "<group>";
		};
		77598C1510FBCE3900EC80D1 /* JSON */ = {
			isa = PBXGroup;
			children = (
				77598C0F10FBCE2200EC80D1 /* NSDictionary+BSJSONAdditions.h */,
				77598C1010FBCE2200EC80D1 /* NSDictionary+BSJSONAdditions.m */,
				77598C1110FBCE2300EC80D1 /* NSScanner+BSJSONAdditions.h */,
				77598C1210FBCE2300EC80D1 /* NSScanner+BSJSONAdditions.m */,
			);
			name = JSON;
			sourceTree = "<group>";
		};
/* End PBXGroup section */

/* Begin PBXNativeTarget section */
		8D5B49AC048680CD000E48DA /* BBCiPlayer */ = {
			isa = PBXNativeTarget;
			buildConfigurationList = 1DEB913A08733D840010E9CD /* Build configuration list for PBXNativeTarget "BBCiPlayer" */;
			buildPhases = (
				8D5B49AF048680CD000E48DA /* Resources */,
				8D5B49B1048680CD000E48DA /* Sources */,
				8D5B49B3048680CD000E48DA /* Frameworks */,
			);
			buildRules = (
			);
			dependencies = (
			);
			name = BBCiPlayer;
			productInstallPath = "$(HOME)/Library/Bundles";
			productName = BBCiPlayer;
			productReference = 8D5B49B6048680CD000E48DA /* BBCiPlayer.frappliance */;
			productType = "com.apple.product-type.bundle";
		};
/* End PBXNativeTarget section */

/* Begin PBXProject section */
		089C1669FE841209C02AAC07 /* Project object */ = {
			isa = PBXProject;
			buildConfigurationList = 1DEB913E08733D840010E9CD /* Build configuration list for PBXProject "BBCiPlayer" */;
			compatibilityVersion = "Xcode 2.4";
			hasScannedForEncodings = 1;
			mainGroup = 089C166AFE841209C02AAC07 /* BBCiPlayer */;
			projectDirPath = "";
			projectRoot = "";
			targets = (
				8D5B49AC048680CD000E48DA /* BBCiPlayer */,
			);
		};
/* End PBXProject section */

/* Begin PBXResourcesBuildPhase section */
		8D5B49AF048680CD000E48DA /* Resources */ = {
			isa = PBXResourcesBuildPhase;
			buildActionMask = 2147483647;
			files = (
				8D5B49B0048680CD000E48DA /* InfoPlist.strings in Resources */,
				E3F00CC51030C9660062016C /* Localizable.strings in Resources */,
				7759844E10F671D400EC80D1 /* MainMenuPreview.png in Resources */,
				7759876B10F7E91200EC80D1 /* ServicePreviews in Resources */,
			);
			runOnlyForDeploymentPostprocessing = 0;
		};
/* End PBXResourcesBuildPhase section */

/* Begin PBXSourcesBuildPhase section */
		8D5B49B1048680CD000E48DA /* Sources */ = {
			isa = PBXSourcesBuildPhase;
			buildActionMask = 2147483647;
			files = (
				E3F00CBD1030C7990062016C /* BBCiPlayerAppliance.m in Sources */,
				7759848410F6B01B00EC80D1 /* BBCiPlayerServiceTypeController.m in Sources */,
				775984C710F6BB4400EC80D1 /* RefData.m in Sources */,
				775987D410F7F92E00EC80D1 /* BBCiPlayerMediaAsset.m in Sources */,
				7759880F10FA40A800EC80D1 /* BBCiPlayerHighlightsController.m in Sources */,
				77359A4A10FB5D5E00AAA319 /* BBCiPlayerEntity.m in Sources */,
				77359A5610FB623300AAA319 /* BBCiPlayerEpisode.m in Sources */,
				77598BF510FBCAC600EC80D1 /* BBCiPlayerMenuController.m in Sources */,
				77598C1310FBCE2300EC80D1 /* NSDictionary+BSJSONAdditions.m in Sources */,
				77598C1410FBCE2300EC80D1 /* NSScanner+BSJSONAdditions.m in Sources */,
				77598C3510FBCF3800EC80D1 /* BBCiPlayerMetadataPreviewControl.m in Sources */,
				77598D4E10FC7BEC00EC80D1 /* BBCiPlayerIonRequest.m in Sources */,
				77598E5A10FDF28500EC80D1 /* BBCiPlayerMostPopularController.m in Sources */,
				77598E8910FE0D3A00EC80D1 /* BBCiPlayerService.m in Sources */,
			);
			runOnlyForDeploymentPostprocessing = 0;
		};
/* End PBXSourcesBuildPhase section */

/* Begin PBXVariantGroup section */
		089C167DFE841241C02AAC07 /* InfoPlist.strings */ = {
			isa = PBXVariantGroup;
			children = (
				089C167EFE841241C02AAC07 /* English */,
			);
			name = InfoPlist.strings;
			sourceTree = "<group>";
		};
		E3F00CC41030C9660062016C /* Localizable.strings */ = {
			isa = PBXVariantGroup;
			children = (
				E3F00CC21030C9290062016C /* English */,
			);
			name = Localizable.strings;
			sourceTree = "<group>";
		};
/* End PBXVariantGroup section */

/* Begin XCBuildConfiguration section */
		1DEB913B08733D840010E9CD /* Debug */ = {
			isa = XCBuildConfiguration;
			buildSettings = {
				ARCHS = i386;
				COPY_PHASE_STRIP = NO;
				FRAMEWORK_SEARCH_PATHS = (
					"$(inherited)",
					"$(FRAMEWORK_SEARCH_PATHS_QUOTED_FOR_TARGET_1)",
					"$(FRAMEWORK_SEARCH_PATHS_QUOTED_FOR_TARGET_2)",
					"$(FRAMEWORK_SEARCH_PATHS_QUOTED_FOR_TARGET_3)",
				);
				FRAMEWORK_SEARCH_PATHS_QUOTED_FOR_TARGET_1 = "\"$(DEVELOPER_DIR)/SDKs/MacOSX10.4u.sdk/System/Library/Frameworks\"";
				FRAMEWORK_SEARCH_PATHS_QUOTED_FOR_TARGET_2 = "\"$(DEVELOPER_DIR)/SDKs/MacOSX10.4u.sdk/System/Library/PrivateFrameworks\"";
				FRAMEWORK_SEARCH_PATHS_QUOTED_FOR_TARGET_3 = "\"$(SDKROOT)$(SYSTEM_LIBRARY_DIR)/PrivateFrameworks\"";
				GCC_C_LANGUAGE_STANDARD = gnu99;
				GCC_DYNAMIC_NO_PIC = NO;
				GCC_ENABLE_FIX_AND_CONTINUE = YES;
				GCC_MODEL_TUNING = G5;
				GCC_OPTIMIZATION_LEVEL = 0;
				GCC_PRECOMPILE_PREFIX_HEADER = YES;
				GCC_PREFIX_HEADER = BBCiPlayer_Prefix.pch;
				GCC_VERSION = 4.0;
				INFOPLIST_FILE = Info.plist;
				INSTALL_PATH = "$(HOME)/Library/Bundles";
				MACOSX_DEPLOYMENT_TARGET = 10.4;
				PRODUCT_NAME = BBCiPlayer;
				WRAPPER_EXTENSION = frappliance;
				ZERO_LINK = NO;
			};
			name = Debug;
		};
		1DEB913C08733D840010E9CD /* Release */ = {
			isa = XCBuildConfiguration;
			buildSettings = {
				ARCHS = i386;
				FRAMEWORK_SEARCH_PATHS = (
					"$(inherited)",
					"$(FRAMEWORK_SEARCH_PATHS_QUOTED_FOR_TARGET_1)",
					"$(FRAMEWORK_SEARCH_PATHS_QUOTED_FOR_TARGET_2)",
					"$(FRAMEWORK_SEARCH_PATHS_QUOTED_FOR_TARGET_3)",
				);
				FRAMEWORK_SEARCH_PATHS_QUOTED_FOR_TARGET_1 = "\"$(DEVELOPER_DIR)/SDKs/MacOSX10.4u.sdk/System/Library/Frameworks\"";
				FRAMEWORK_SEARCH_PATHS_QUOTED_FOR_TARGET_2 = "\"$(DEVELOPER_DIR)/SDKs/MacOSX10.4u.sdk/System/Library/PrivateFrameworks\"";
				FRAMEWORK_SEARCH_PATHS_QUOTED_FOR_TARGET_3 = "\"$(SDKROOT)$(SYSTEM_LIBRARY_DIR)/PrivateFrameworks\"";
				GCC_C_LANGUAGE_STANDARD = gnu99;
				GCC_GENERATE_DEBUGGING_SYMBOLS = NO;
				GCC_MODEL_TUNING = G5;
				GCC_PRECOMPILE_PREFIX_HEADER = YES;
				GCC_PREFIX_HEADER = BBCiPlayer_Prefix.pch;
				INFOPLIST_FILE = Info.plist;
				INSTALL_PATH = "$(HOME)/Library/Bundles";
				MACOSX_DEPLOYMENT_TARGET = 10.4;
				PRODUCT_NAME = BBCiPlayer;
				WRAPPER_EXTENSION = frappliance;
				ZERO_LINK = NO;
			};
			name = Release;
		};
		1DEB913F08733D840010E9CD /* Debug */ = {
			isa = XCBuildConfiguration;
			buildSettings = {
				GCC_WARN_ABOUT_RETURN_TYPE = YES;
				GCC_WARN_UNUSED_VARIABLE = YES;
				PREBINDING = NO;
				SDKROOT = /Developer/SDKs/MacOSX10.4u.sdk;
			};
			name = Debug;
		};
		1DEB914008733D840010E9CD /* Release */ = {
			isa = XCBuildConfiguration;
			buildSettings = {
				GCC_WARN_ABOUT_RETURN_TYPE = YES;
				GCC_WARN_UNUSED_VARIABLE = YES;
				PREBINDING = NO;
				SDKROOT = /Developer/SDKs/MacOSX10.4u.sdk;
			};
			name = Release;
		};
/* End XCBuildConfiguration section */

/* Begin XCConfigurationList section */
		1DEB913A08733D840010E9CD /* Build configuration list for PBXNativeTarget "BBCiPlayer" */ = {
			isa = XCConfigurationList;
			buildConfigurations = (
				1DEB913B08733D840010E9CD /* Debug */,
				1DEB913C08733D840010E9CD /* Release */,
			);
			defaultConfigurationIsVisible = 0;
			defaultConfigurationName = Release;
		};
		1DEB913E08733D840010E9CD /* Build configuration list for PBXProject "BBCiPlayer" */ = {
			isa = XCConfigurationList;
			buildConfigurations = (
				1DEB913F08733D840010E9CD /* Debug */,
				1DEB914008733D840010E9CD /* Release */,
			);
			defaultConfigurationIsVisible = 0;
			defaultConfigurationName = Release;
		};
/* End XCConfigurationList section */
	};
	rootObject = 089C1669FE841209C02AAC07 /* Project object */;
}
